
Microsoft Visual Studio Solution File, Format Version 12.00
# Visual Studio 2013
VisualStudioVersion = 12.0.30501.0
MinimumVisualStudioVersion = 10.0.40219.1
Project("{FAE04EC0-301F-11D3-BF4B-00C04F79EFBC}") = "JiraAttachments", "JiraAttachments\JiraAttachments.csproj", "{B032A71E-B2A9-4F8F-BC99-3B9793980A6A}"
EndProject
Project("{FAE04EC0-301F-11D3-BF4B-00C04F79EFBC}") = "JiraAttachmentsCoreTests", "JiraAttachmentsTest\JiraAttachmentsCoreTests.csproj", "{5E48831D-A62B-4693-A22F-33841E471DF6}"
EndProject
Project("{FAE04EC0-301F-11D3-BF4B-00C04F79EFBC}") = "JiraAttachmentsCore", "JiraProcessor\JiraAttachmentsCore.csproj", "{079D1A0C-63FA-41F2-A30D-FFCA248847C5}"
EndProject
Global
	GlobalSection(SolutionConfigurationPlatforms) = preSolution
		Debug|Any CPU = Debug|Any CPU
		Release|Any CPU = Release|Any CPU
	EndGlobalSection
	GlobalSection(ProjectConfigurationPlatforms) = postSolution
		{B032A71E-B2A9-4F8F-BC99-3B9793980A6A}.Debug|Any CPU.ActiveCfg = Debug|Any CPU
		{B032A71E-B2A9-4F8F-BC99-3B9793980A6A}.Debug|Any CPU.Build.0 = Debug|Any CPU
		{B032A71E-B2A9-4F8F-BC99-3B9793980A6A}.Debug|Any CPU.Deploy.0 = Debug|Any CPU
		{B032A71E-B2A9-4F8F-BC99-3B9793980A6A}.Release|Any CPU.ActiveCfg = Release|Any CPU
		{B032A71E-B2A9-4F8F-BC99-3B9793980A6A}.Release|Any CPU.Build.0 = Release|Any CPU
		{5E48831D-A62B-4693-A22F-33841E471DF6}.Debug|Any CPU.ActiveCfg = Debug|Any CPU
		{5E48831D-A62B-4693-A22F-33841E471DF6}.Debug|Any CPU.Build.0 = Debug|Any CPU
		{5E48831D-A62B-4693-A22F-33841E471DF6}.Release|Any CPU.ActiveCfg = Release|Any CPU
		{5E48831D-A62B-4693-A22F-33841E471DF6}.Release|Any CPU.Build.0 = Release|Any CPU
		{079D1A0C-63FA-41F2-A30D-FFCA248847C5}.Debug|Any CPU.ActiveCfg = Debug|Any CPU
		{079D1A0C-63FA-41F2-A30D-FFCA248847C5}.Debug|Any CPU.Build.0 = Debug|Any CPU
		{079D1A0C-63FA-41F2-A30D-FFCA248847C5}.Release|Any CPU.ActiveCfg = Release|Any CPU
		{079D1A0C-63FA-41F2-A30D-FFCA248847C5}.Release|Any CPU.Build.0 = Release|Any CPU
	EndGlobalSection
	GlobalSection(SolutionProperties) = preSolution
		HideSolutionNode = FALSE
	EndGlobalSection
EndGlobal
